
Microsoft Visual Studio Solution File, Format Version 12.00
# Visual Studio Version 17
VisualStudioVersion = 17.9.34616.47
MinimumVisualStudioVersion = 10.0.40219.1
Project("{FAE04EC0-301F-11D3-BF4B-00C04F79EFBC}") = "StatisticCodeGenerator", "StatisticCodeGenerator\StatisticCodeGenerator.csproj", "{5487B5A4-4AA5-4C48-B106-2DF9FDFC24FB}"
EndProject
Global
	GlobalSection(SolutionConfigurationPlatforms) = preSolution
		Debug|Any CPU = Debug|Any CPU
		Release|Any CPU = Release|Any CPU
	EndGlobalSection
	GlobalSection(ProjectConfigurationPlatforms) = postSolution
		{5487B5A4-4AA5-4C48-B106-2DF9FDFC24FB}.Debug|Any CPU.ActiveCfg = Debug|Any CPU
		{5487B5A4-4AA5-4C48-B106-2DF9FDFC24FB}.Debug|Any CPU.Build.0 = Debug|Any CPU
		{5487B5A4-4AA5-4C48-B106-2DF9FDFC24FB}.Release|Any CPU.ActiveCfg = Release|Any CPU
		{5487B5A4-4AA5-4C48-B106-2DF9FDFC24FB}.Release|Any CPU.Build.0 = Release|Any CPU
	EndGlobalSection
	GlobalSection(SolutionProperties) = preSolution
		HideSolutionNode = FALSE
	EndGlobalSection
	GlobalSection(ExtensibilityGlobals) = postSolution
		SolutionGuid = {2ABD6185-CE44-48BC-A55D-9CF2BC12C83C}
	EndGlobalSection
EndGlobal
